
Microsoft Visual Studio Solution File, Format Version 12.00
# Visual Studio Version 17
VisualStudioVersion = 17.3.32929.385
MinimumVisualStudioVersion = 10.0.40219.1
Project("{FAE04EC0-301F-11D3-BF4B-00C04F79EFBC}") = "SwagProject", "SwagProject\SwagProject.csproj", "{A664255D-D14E-4829-9135-C18078481F28}"
EndProject
Global
	GlobalSection(SolutionConfigurationPlatforms) = preSolution
		Debug|Any CPU = Debug|Any CPU
		Release|Any CPU = Release|Any CPU
	EndGlobalSection
	GlobalSection(ProjectConfigurationPlatforms) = postSolution
		{A664255D-D14E-4829-9135-C18078481F28}.Debug|Any CPU.ActiveCfg = Debug|Any CPU
		{A664255D-D14E-4829-9135-C18078481F28}.Debug|Any CPU.Build.0 = Debug|Any CPU
		{A664255D-D14E-4829-9135-C18078481F28}.Release|Any CPU.ActiveCfg = Release|Any CPU
		{A664255D-D14E-4829-9135-C18078481F28}.Release|Any CPU.Build.0 = Release|Any CPU
	EndGlobalSection
	GlobalSection(SolutionProperties) = preSolution
		HideSolutionNode = FALSE
	EndGlobalSection
	GlobalSection(ExtensibilityGlobals) = postSolution
		SolutionGuid = {E39E4E8E-91D6-4756-91EE-BC4D3F850E37}
	EndGlobalSection
EndGlobal
